// !$*UTF8*$!
{
	archiveVersion = 1;
	classes = {
	};
	objectVersion = 56;
	objects = {

/* Begin PBXBuildFile section */
		F7351CFC2993674700A9A659 /* AppDelegate.swift in Sources */ = {isa = PBXBuildFile; fileRef = F7351CFB2993674700A9A659 /* AppDelegate.swift */; };
		F7351CFE2993674700A9A659 /* SceneDelegate.swift in Sources */ = {isa = PBXBuildFile; fileRef = F7351CFD2993674700A9A659 /* SceneDelegate.swift */; };
		F7351D002993674700A9A659 /* ViewController.swift in Sources */ = {isa = PBXBuildFile; fileRef = F7351CFF2993674700A9A659 /* ViewController.swift */; };
		F7351D032993674700A9A659 /* Main.storyboard in Resources */ = {isa = PBXBuildFile; fileRef = F7351D012993674700A9A659 /* Main.storyboard */; };
		F7351D052993674900A9A659 /* Assets.xcassets in Resources */ = {isa = PBXBuildFile; fileRef = F7351D042993674900A9A659 /* Assets.xcassets */; };
		F7351D082993674900A9A659 /* LaunchScreen.storyboard in Resources */ = {isa = PBXBuildFile; fileRef = F7351D062993674900A9A659 /* LaunchScreen.storyboard */; };
		F7351D122993748700A9A659 /* PersonCell.swift in Sources */ = {isa = PBXBuildFile; fileRef = F7351D112993748700A9A659 /* PersonCell.swift */; };
		F7351D1429948BEA00A9A659 /* Person.swift in Sources */ = {isa = PBXBuildFile; fileRef = F7351D1329948BEA00A9A659 /* Person.swift */; };
/* End PBXBuildFile section */

/* Begin PBXFileReference section */
		F7351CF82993674700A9A659 /* HWS-P10-Store-People-Name-App.app */ = {isa = PBXFileReference; explicitFileType = wrapper.application; includeInIndex = 0; path = "HWS-P10-Store-People-Name-App.app"; sourceTree = BUILT_PRODUCTS_DIR; };
		F7351CFB2993674700A9A659 /* AppDelegate.swift */ = {isa = PBXFileReference; lastKnownFileType = sourcecode.swift; path = AppDelegate.swift; sourceTree = "<group>"; };
		F7351CFD2993674700A9A659 /* SceneDelegate.swift */ = {isa = PBXFileReference; lastKnownFileType = sourcecode.swift; path = SceneDelegate.swift; sourceTree = "<group>"; };
		F7351CFF2993674700A9A659 /* ViewController.swift */ = {isa = PBXFileReference; lastKnownFileType = sourcecode.swift; path = ViewController.swift; sourceTree = "<group>"; };
		F7351D022993674700A9A659 /* Base */ = {isa = PBXFileReference; lastKnownFileType = file.storyboard; name = Base; path = Base.lproj/Main.storyboard; sourceTree = "<group>"; };
		F7351D042993674900A9A659 /* Assets.xcassets */ = {isa = PBXFileReference; lastKnownFileType = folder.assetcatalog; path = Assets.xcassets; sourceTree = "<group>"; };
		F7351D072993674900A9A659 /* Base */ = {isa = PBXFileReference; lastKnownFileType = file.storyboard; name = Base; path = Base.lproj/LaunchScreen.storyboard; sourceTree = "<group>"; };
		F7351D092993674900A9A659 /* Info.plist */ = {isa = PBXFileReference; lastKnownFileType = text.plist.xml; path = Info.plist; sourceTree = "<group>"; };
		F7351D112993748700A9A659 /* PersonCell.swift */ = {isa = PBXFileReference; lastKnownFileType = sourcecode.swift; path = PersonCell.swift; sourceTree = "<group>"; };
		F7351D1329948BEA00A9A659 /* Person.swift */ = {isa = PBXFileReference; lastKnownFileType = sourcecode.swift; path = Person.swift; sourceTree = "<group>"; };
/* End PBXFileReference section */

/* Begin PBXFrameworksBuildPhase section */
		F7351CF52993674700A9A659 /* Frameworks */ = {
			isa = PBXFrameworksBuildPhase;
			buildActionMask = 2147483647;
			files = (
			);
			runOnlyForDeploymentPostprocessing = 0;
		};
/* End PBXFrameworksBuildPhase section */

/* Begin PBXGroup section */
		F7351CEF2993674700A9A659 = {
			isa = PBXGroup;
			children = (
				F7351CFA2993674700A9A659 /* HWS-P10-Store-People-Name-App */,
				F7351CF92993674700A9A659 /* Products */,
			);
			sourceTree = "<group>";
		};
		F7351CF92993674700A9A659 /* Products */ = {
			isa = PBXGroup;
			children = (
				F7351CF82993674700A9A659 /* HWS-P10-Store-People-Name-App.app */,
			);
			name = Products;
			sourceTree = "<group>";
		};
		F7351CFA2993674700A9A659 /* HWS-P10-Store-People-Name-App */ = {
			isa = PBXGroup;
			children = (
				F7351CFB2993674700A9A659 /* AppDelegate.swift */,
				F7351CFD2993674700A9A659 /* SceneDelegate.swift */,
				F7351D1529948BF000A9A659 /* Model */,
				F7351D102993685400A9A659 /* Views */,
				F7351D0F2993684700A9A659 /* Controllers */,
				F7351D042993674900A9A659 /* Assets.xcassets */,
				F7351D062993674900A9A659 /* LaunchScreen.storyboard */,
				F7351D092993674900A9A659 /* Info.plist */,
			);
			path = "HWS-P10-Store-People-Name-App";
			sourceTree = "<group>";
		};
		F7351D0F2993684700A9A659 /* Controllers */ = {
			isa = PBXGroup;
			children = (
				F7351CFF2993674700A9A659 /* ViewController.swift */,
			);
			path = Controllers;
			sourceTree = "<group>";
		};
		F7351D102993685400A9A659 /* Views */ = {
			isa = PBXGroup;
			children = (
				F7351D012993674700A9A659 /* Main.storyboard */,
				F7351D112993748700A9A659 /* PersonCell.swift */,
			);
			path = Views;
			sourceTree = "<group>";
		};
		F7351D1529948BF000A9A659 /* Model */ = {
			isa = PBXGroup;
			children = (
				F7351D1329948BEA00A9A659 /* Person.swift */,
			);
			path = Model;
			sourceTree = "<group>";
		};
/* End PBXGroup section */

/* Begin PBXNativeTarget section */
		F7351CF72993674700A9A659 /* HWS-P10-Store-People-Name-App */ = {
			isa = PBXNativeTarget;
			buildConfigurationList = F7351D0C2993674900A9A659 /* Build configuration list for PBXNativeTarget "HWS-P10-Store-People-Name-App" */;
			buildPhases = (
				F7351CF42993674700A9A659 /* Sources */,
				F7351CF52993674700A9A659 /* Frameworks */,
				F7351CF62993674700A9A659 /* Resources */,
			);
			buildRules = (
			);
			dependencies = (
			);
			name = "HWS-P10-Store-People-Name-App";
			productName = "HWS-P10-Store-People-Name-App";
			productReference = F7351CF82993674700A9A659 /* HWS-P10-Store-People-Name-App.app */;
			productType = "com.apple.product-type.application";
		};
/* End PBXNativeTarget section */

/* Begin PBXProject section */
		F7351CF02993674700A9A659 /* Project object */ = {
			isa = PBXProject;
			attributes = {
				BuildIndependentTargetsInParallel = 1;
				LastSwiftUpdateCheck = 1420;
				LastUpgradeCheck = 1420;
				TargetAttributes = {
					F7351CF72993674700A9A659 = {
						CreatedOnToolsVersion = 14.2;
					};
				};
			};
			buildConfigurationList = F7351CF32993674700A9A659 /* Build configuration list for PBXProject "HWS-P10-Store-People-Name-App" */;
			compatibilityVersion = "Xcode 14.0";
			developmentRegion = en;
			hasScannedForEncodings = 0;
			knownRegions = (
				en,
				Base,
			);
			mainGroup = F7351CEF2993674700A9A659;
			productRefGroup = F7351CF92993674700A9A659 /* Products */;
			projectDirPath = "";
			projectRoot = "";
			targets = (
				F7351CF72993674700A9A659 /* HWS-P10-Store-People-Name-App */,
			);
		};
/* End PBXProject section */

/* Begin PBXResourcesBuildPhase section */
		F7351CF62993674700A9A659 /* Resources */ = {
			isa = PBXResourcesBuildPhase;
			buildActionMask = 2147483647;
			files = (
				F7351D082993674900A9A659 /* LaunchScreen.storyboard in Resources */,
				F7351D052993674900A9A659 /* Assets.xcassets in Resources */,
				F7351D032993674700A9A659 /* Main.storyboard in Resources */,
			);
			runOnlyForDeploymentPostprocessing = 0;
		};
/* End PBXResourcesBuildPhase section */

/* Begin PBXSourcesBuildPhase section */
		F7351CF42993674700A9A659 /* Sources */ = {
			isa = PBXSourcesBuildPhase;
			buildActionMask = 2147483647;
			files = (
				F7351D1429948BEA00A9A659 /* Person.swift in Sources */,
				F7351D002993674700A9A659 /* ViewController.swift in Sources */,
				F7351CFC2993674700A9A659 /* AppDelegate.swift in Sources */,
				F7351D122993748700A9A659 /* PersonCell.swift in Sources */,
				F7351CFE2993674700A9A659 /* SceneDelegate.swift in Sources */,
			);
			runOnlyForDeploymentPostprocessing = 0;
		};
/* End PBXSourcesBuildPhase section */

/* Begin PBXVariantGroup section */
		F7351D012993674700A9A659 /* Main.storyboard */ = {
			isa = PBXVariantGroup;
			children = (
				F7351D022993674700A9A659 /* Base */,
			);
			name = Main.storyboard;
			sourceTree = "<group>";
		};
		F7351D062993674900A9A659 /* LaunchScreen.storyboard */ = {
			isa = PBXVariantGroup;
			children = (
				F7351D072993674900A9A659 /* Base */,
			);
			name = LaunchScreen.storyboard;
			sourceTree = "<group>";
		};
/* End PBXVariantGroup section */

/* Begin XCBuildConfiguration section */
		F7351D0A2993674900A9A659 /* Debug */ = {
			isa = XCBuildConfiguration;
			buildSettings = {
				ALWAYS_SEARCH_USER_PATHS = NO;
				CLANG_ANALYZER_NONNULL = YES;
				CLANG_ANALYZER_NUMBER_OBJECT_CONVERSION = YES_AGGRESSIVE;
				CLANG_CXX_LANGUAGE_STANDARD = "gnu++20";
				CLANG_ENABLE_MODULES = YES;
				CLANG_ENABLE_OBJC_ARC = YES;
				CLANG_ENABLE_OBJC_WEAK = YES;
				CLANG_WARN_BLOCK_CAPTURE_AUTORELEASING = YES;
				CLANG_WARN_BOOL_CONVERSION = YES;
				CLANG_WARN_COMMA = YES;
				CLANG_WARN_CONSTANT_CONVERSION = YES;
				CLANG_WARN_DEPRECATED_OBJC_IMPLEMENTATIONS = YES;
				CLANG_WARN_DIRECT_OBJC_ISA_USAGE = YES_ERROR;
				CLANG_WARN_DOCUMENTATION_COMMENTS = YES;
				CLANG_WARN_EMPTY_BODY = YES;
				CLANG_WARN_ENUM_CONVERSION = YES;
				CLANG_WARN_INFINITE_RECURSION = YES;
				CLANG_WARN_INT_CONVERSION = YES;
				CLANG_WARN_NON_LITERAL_NULL_CONVERSION = YES;
				CLANG_WARN_OBJC_IMPLICIT_RETAIN_SELF = YES;
				CLANG_WARN_OBJC_LITERAL_CONVERSION = YES;
				CLANG_WARN_OBJC_ROOT_CLASS = YES_ERROR;
				CLANG_WARN_QUOTED_INCLUDE_IN_FRAMEWORK_HEADER = YES;
				CLANG_WARN_RANGE_LOOP_ANALYSIS = YES;
				CLANG_WARN_STRICT_PROTOTYPES = YES;
				CLANG_WARN_SUSPICIOUS_MOVE = YES;
				CLANG_WARN_UNGUARDED_AVAILABILITY = YES_AGGRESSIVE;
				CLANG_WARN_UNREACHABLE_CODE = YES;
				CLANG_WARN__DUPLICATE_METHOD_MATCH = YES;
				COPY_PHASE_STRIP = NO;
				DEBUG_INFORMATION_FORMAT = dwarf;
				ENABLE_STRICT_OBJC_MSGSEND = YES;
				ENABLE_TESTABILITY = YES;
				GCC_C_LANGUAGE_STANDARD = gnu11;
				GCC_DYNAMIC_NO_PIC = NO;
				GCC_NO_COMMON_BLOCKS = YES;
				GCC_OPTIMIZATION_LEVEL = 0;
				GCC_PREPROCESSOR_DEFINITIONS = (
					"DEBUG=1",
					"$(inherited)",
				);
				GCC_WARN_64_TO_32_BIT_CONVERSION = YES;
				GCC_WARN_ABOUT_RETURN_TYPE = YES_ERROR;
				GCC_WARN_UNDECLARED_SELECTOR = YES;
				GCC_WARN_UNINITIALIZED_AUTOS = YES_AGGRESSIVE;
				GCC_WARN_UNUSED_FUNCTION = YES;
				GCC_WARN_UNUSED_VARIABLE = YES;
				IPHONEOS_DEPLOYMENT_TARGET = 16.2;
				MTL_ENABLE_DEBUG_INFO = INCLUDE_SOURCE;
				MTL_FAST_MATH = YES;
				ONLY_ACTIVE_ARCH = YES;
				SDKROOT = iphoneos;
				SWIFT_ACTIVE_COMPILATION_CONDITIONS = DEBUG;
				SWIFT_OPTIMIZATION_LEVEL = "-Onone";
			};
			name = Debug;
		};
		F7351D0B2993674900A9A659 /* Release */ = {
			isa = XCBuildConfiguration;
			buildSettings = {
				ALWAYS_SEARCH_USER_PATHS = NO;
				CLANG_ANALYZER_NONNULL = YES;
				CLANG_ANALYZER_NUMBER_OBJECT_CONVERSION = YES_AGGRESSIVE;
				CLANG_CXX_LANGUAGE_STANDARD = "gnu++20";
				CLANG_ENABLE_MODULES = YES;
				CLANG_ENABLE_OBJC_ARC = YES;
				CLANG_ENABLE_OBJC_WEAK = YES;
				CLANG_WARN_BLOCK_CAPTURE_AUTORELEASING = YES;
				CLANG_WARN_BOOL_CONVERSION = YES;
				CLANG_WARN_COMMA = YES;
				CLANG_WARN_CONSTANT_CONVERSION = YES;
				CLANG_WARN_DEPRECATED_OBJC_IMPLEMENTATIONS = YES;
				CLANG_WARN_DIRECT_OBJC_ISA_USAGE = YES_ERROR;
				CLANG_WARN_DOCUMENTATION_COMMENTS = YES;
				CLANG_WARN_EMPTY_BODY = YES;
				CLANG_WARN_ENUM_CONVERSION = YES;
				CLANG_WARN_INFINITE_RECURSION = YES;
				CLANG_WARN_INT_CONVERSION = YES;
				CLANG_WARN_NON_LITERAL_NULL_CONVERSION = YES;
				CLANG_WARN_OBJC_IMPLICIT_RETAIN_SELF = YES;
				CLANG_WARN_OBJC_LITERAL_CONVERSION = YES;
				CLANG_WARN_OBJC_ROOT_CLASS = YES_ERROR;
				CLANG_WARN_QUOTED_INCLUDE_IN_FRAMEWORK_HEADER = YES;
				CLANG_WARN_RANGE_LOOP_ANALYSIS = YES;
				CLANG_WARN_STRICT_PROTOTYPES = YES;
				CLANG_WARN_SUSPICIOUS_MOVE = YES;
				CLANG_WARN_UNGUARDED_AVAILABILITY = YES_AGGRESSIVE;
				CLANG_WARN_UNREACHABLE_CODE = YES;
				CLANG_WARN__DUPLICATE_METHOD_MATCH = YES;
				COPY_PHASE_STRIP = NO;
				DEBUG_INFORMATION_FORMAT = "dwarf-with-dsym";
				ENABLE_NS_ASSERTIONS = NO;
				ENABLE_STRICT_OBJC_MSGSEND = YES;
				GCC_C_LANGUAGE_STANDARD = gnu11;
				GCC_NO_COMMON_BLOCKS = YES;
				GCC_WARN_64_TO_32_BIT_CONVERSION = YES;
				GCC_WARN_ABOUT_RETURN_TYPE = YES_ERROR;
				GCC_WARN_UNDECLARED_SELECTOR = YES;
				GCC_WARN_UNINITIALIZED_AUTOS = YES_AGGRESSIVE;
				GCC_WARN_UNUSED_FUNCTION = YES;
				GCC_WARN_UNUSED_VARIABLE = YES;
				IPHONEOS_DEPLOYMENT_TARGET = 16.2;
				MTL_ENABLE_DEBUG_INFO = NO;
				MTL_FAST_MATH = YES;
				SDKROOT = iphoneos;
				SWIFT_COMPILATION_MODE = wholemodule;
				SWIFT_OPTIMIZATION_LEVEL = "-O";
				VALIDATE_PRODUCT = YES;
			};
			name = Release;
		};
		F7351D0D2993674900A9A659 /* Debug */ = {
			isa = XCBuildConfiguration;
			buildSettings = {
				ASSETCATALOG_COMPILER_APPICON_NAME = AppIcon;
				ASSETCATALOG_COMPILER_GLOBAL_ACCENT_COLOR_NAME = AccentColor;
				CODE_SIGN_STYLE = Automatic;
				CURRENT_PROJECT_VERSION = 1;
				GENERATE_INFOPLIST_FILE = YES;
				INFOPLIST_FILE = "HWS-P10-Store-People-Name-App/Info.plist";
				INFOPLIST_KEY_UIApplicationSupportsIndirectInputEvents = YES;
				INFOPLIST_KEY_UILaunchStoryboardName = LaunchScreen;
				INFOPLIST_KEY_UIMainStoryboardFile = Main;
				INFOPLIST_KEY_UISupportedInterfaceOrientations_iPad = "UIInterfaceOrientationPortrait UIInterfaceOrientationPortraitUpsideDown UIInterfaceOrientationLandscapeLeft UIInterfaceOrientationLandscapeRight";
				INFOPLIST_KEY_UISupportedInterfaceOrientations_iPhone = "UIInterfaceOrientationPortrait UIInterfaceOrientationLandscapeLeft UIInterfaceOrientationLandscapeRight";
				LD_RUNPATH_SEARCH_PATHS = (
					"$(inherited)",
					"@executable_path/Frameworks",
				);
				MARKETING_VERSION = 1.0;
				PRODUCT_BUNDLE_IDENTIFIER = "aaronP.HWS-P10-Store-People-Name-App";
				PRODUCT_NAME = "$(TARGET_NAME)";
				SWIFT_EMIT_LOC_STRINGS = YES;
				SWIFT_VERSION = 5.0;
				TARGETED_DEVICE_FAMILY = "1,2";
			};
			name = Debug;
		};
		F7351D0E2993674900A9A659 /* Release */ = {
			isa = XCBuildConfiguration;
			buildSettings = {
				ASSETCATALOG_COMPILER_APPICON_NAME = AppIcon;
				ASSETCATALOG_COMPILER_GLOBAL_ACCENT_COLOR_NAME = AccentColor;
				CODE_SIGN_STYLE = Automatic;
				CURRENT_PROJECT_VERSION = 1;
				GENERATE_INFOPLIST_FILE = YES;
				INFOPLIST_FILE = "HWS-P10-Store-People-Name-App/Info.plist";
				INFOPLIST_KEY_UIApplicationSupportsIndirectInputEvents = YES;
				INFOPLIST_KEY_UILaunchStoryboardName = LaunchScreen;
				INFOPLIST_KEY_UIMainStoryboardFile = Main;
				INFOPLIST_KEY_UISupportedInterfaceOrientations_iPad = "UIInterfaceOrientationPortrait UIInterfaceOrientationPortraitUpsideDown UIInterfaceOrientationLandscapeLeft UIInterfaceOrientationLandscapeRight";
				INFOPLIST_KEY_UISupportedInterfaceOrientations_iPhone = "UIInterfaceOrientationPortrait UIInterfaceOrientationLandscapeLeft UIInterfaceOrientationLandscapeRight";
				LD_RUNPATH_SEARCH_PATHS = (
					"$(inherited)",
					"@executable_path/Frameworks",
				);
				MARKETING_VERSION = 1.0;
				PRODUCT_BUNDLE_IDENTIFIER = "aaronP.HWS-P10-Store-People-Name-App";
				PRODUCT_NAME = "$(TARGET_NAME)";
				SWIFT_EMIT_LOC_STRINGS = YES;
				SWIFT_VERSION = 5.0;
				TARGETED_DEVICE_FAMILY = "1,2";
			};
			name = Release;
		};
/* End XCBuildConfiguration section */

/* Begin XCConfigurationList section */
		F7351CF32993674700A9A659 /* Build configuration list for PBXProject "HWS-P10-Store-People-Name-App" */ = {
			isa = XCConfigurationList;
			buildConfigurations = (
				F7351D0A2993674900A9A659 /* Debug */,
				F7351D0B2993674900A9A659 /* Release */,
			);
			defaultConfigurationIsVisible = 0;
			defaultConfigurationName = Release;
		};
		F7351D0C2993674900A9A659 /* Build configuration list for PBXNativeTarget "HWS-P10-Store-People-Name-App" */ = {
			isa = XCConfigurationList;
			buildConfigurations = (
				F7351D0D2993674900A9A659 /* Debug */,
				F7351D0E2993674900A9A659 /* Release */,
			);
			defaultConfigurationIsVisible = 0;
			defaultConfigurationName = Release;
		};
/* End XCConfigurationList section */
	};
	rootObject = F7351CF02993674700A9A659 /* Project object */;
}
